uuid: 6a4610f4-8b3a-433c-9440-edde964940d1
langcode: en
status: true
dependencies:
  content:
    - 'block_content:basic:b9432938-b110-41b7-a208-bbf7d81f5918'
  module:
    - block_content
  theme:
    - atwork_barrio
id: atwork_barrio_footer1stblock
theme: atwork_barrio
region: footer_first
weight: -10
provider: null
plugin: 'block_content:b9432938-b110-41b7-a208-bbf7d81f5918'
settings:
  id: 'block_content:b9432938-b110-41b7-a208-bbf7d81f5918'
  label: 'Footer 1st Block'
  provider: block_content
  label_display: '0'
  status: true
  info: ''
  view_mode: full
visibility: {  }
