uuid: 355bd5b4-58e0-4da6-b4a8-b6f73c6f9a32
langcode: en
status: true
dependencies:
  theme:
    - bootstrap_sass
id: bootstrap_sass_footer3rdblock
theme: bootstrap_sass
region: footer_third
weight: 0
provider: null
plugin: 'block_content:9b394eb6-c998-4195-80fa-75a170aa379b'
settings:
  id: 'block_content:9b394eb6-c998-4195-80fa-75a170aa379b'
  label: 'Footer 3rd Block'
  provider: block_content
  label_display: '0'
  status: true
  info: ''
  view_mode: full
visibility: {  }
