uuid: 24257570-b214-42ce-8240-9c7d626d2476
langcode: en
status: true
dependencies:
  content:
    - 'block_content:basic:b9432938-b110-41b7-a208-bbf7d81f5918'
  module:
    - block_content
  theme:
    - atwork_barrio
id: footer1stblock
theme: atwork_barrio
region: footer_first
weight: 0
provider: null
plugin: 'block_content:b9432938-b110-41b7-a208-bbf7d81f5918'
settings:
  id: 'block_content:b9432938-b110-41b7-a208-bbf7d81f5918'
  label: 'Footer 1st Block'
  provider: block_content
  label_display: '0'
  status: true
  info: ''
  view_mode: full
visibility: {  }
