uuid: a6f47bcf-50cb-40e5-8eff-34f805ffc4da
langcode: en
status: true
dependencies:
  theme:
    - bootstrap_sass
id: bootstrap_sass_footer2ndblock
theme: bootstrap_sass
region: footer_second
weight: 0
provider: null
plugin: 'block_content:4adf5d0f-2477-499a-a7c3-7f0ae1a76ee7'
settings:
  id: 'block_content:4adf5d0f-2477-499a-a7c3-7f0ae1a76ee7'
  label: 'Footer 2nd Block'
  provider: block_content
  label_display: '0'
  status: true
  info: ''
  view_mode: full
visibility: {  }
