{
    "_readme": [
        "This file locks the dependencies of your project to a known state",
        "Read more about it at https://getcomposer.org/doc/01-basic-usage.md#installing-dependencies",
        "This file is @generated automatically"
    ],
    "content-hash": "e06d304551cb2ea4ed71c0280dc9134c",
    "packages": [
        {
            "name": "h5p/h5p-core",
            "version": "1.22.0",
            "source": {
                "type": "git",
                "url": "https://github.com/h5p/h5p-php-library.git",
                "reference": "d05bc94d92e225f59f536d0993fc7d65a89e9cae"
            },
            "dist": {
                "type": "zip",
                "url": "https://api.github.com/repos/h5p/h5p-php-library/zipball/d05bc94d92e225f59f536d0993fc7d65a89e9cae",
                "reference": "d05bc94d92e225f59f536d0993fc7d65a89e9cae",
                "shasum": ""
            },
            "require": {
                "php": ">=5.3.0"
            },
            "type": "library",
            "autoload": {
                "files": [
                    "h5p.classes.php",
                    "h5p-development.class.php",
                    "h5p-file-storage.interface.php",
                    "h5p-default-storage.class.php",
                    "h5p-event-base.class.php",
                    "h5p-metadata.class.php"
                ]
            },
            "notification-url": "https://packagist.org/downloads/",
            "license": [
                "GPL-3.0"
            ],
            "authors": [
                {
                    "name": "Svein-Tore Griff With",
                    "email": "with@joubel.com",
                    "homepage": "http://joubel.com",
                    "role": "CEO"
                },
                {
                    "name": "Frode Petterson",
                    "email": "frode.petterson@joubel.com",
                    "homepage": "http://joubel.com",
                    "role": "Developer"
                }
            ],
            "description": "H5P Core functionality in PHP",
            "homepage": "https://h5p.org",
            "keywords": [
                "content",
                "h5p",
                "hvp",
                "interactive",
                "quiz"
            ],
            "time": "2019-03-12T11:47:31+00:00"
        },
        {
            "name": "h5p/h5p-editor",
            "version": "1.22.0",
            "source": {
                "type": "git",
                "url": "https://github.com/h5p/h5p-editor-php-library.git",
                "reference": "7a8999adf46d4b1ff859ab33818e5a0fa22ca8de"
            },
            "dist": {
                "type": "zip",
                "url": "https://api.github.com/repos/h5p/h5p-editor-php-library/zipball/7a8999adf46d4b1ff859ab33818e5a0fa22ca8de",
                "reference": "7a8999adf46d4b1ff859ab33818e5a0fa22ca8de",
                "shasum": ""
            },
            "require": {
                "php": ">=5.3.0"
            },
            "type": "library",
            "autoload": {
                "files": [
                    "h5peditor.class.php",
                    "h5peditor-file.class.php",
                    "h5peditor-ajax.class.php",
                    "h5peditor-storage.interface.php",
                    "h5peditor-ajax.interface.php"
                ]
            },
            "notification-url": "https://packagist.org/downloads/",
            "license": [
                "GPL-3.0"
            ],
            "authors": [
                {
                    "name": "Svein-Tore Griff With",
                    "email": "with@joubel.com",
                    "homepage": "http://joubel.com",
                    "role": "CEO"
                },
                {
                    "name": "Frode Petterson",
                    "email": "frode.petterson@joubel.com",
                    "homepage": "http://joubel.com",
                    "role": "Developer"
                }
            ],
            "description": "H5P Editor functionality in PHP",
            "homepage": "https://h5p.org",
            "keywords": [
                "content",
                "editor",
                "h5p",
                "hvp",
                "interactive",
                "quiz"
            ],
            "time": "2019-03-13T12:29:39+00:00"
        }
    ],
    "packages-dev": [],
    "aliases": [],
    "minimum-stability": "RC",
    "stability-flags": [],
    "prefer-stable": false,
    "prefer-lowest": false,
    "platform": [],
    "platform-dev": []
}
