uuid: fb5f9e15-f6fc-49ef-b959-87535ca224b7
langcode: en
status: true
dependencies:
  content:
    - 'block_content:basic:d1db7159-4b77-485f-b0f2-6c118c7ffcb0'
  module:
    - block_content
  theme:
    - atwork_barrio
id: footer2ndblock
theme: atwork_barrio
region: footer_second
weight: 0
provider: null
plugin: 'block_content:d1db7159-4b77-485f-b0f2-6c118c7ffcb0'
settings:
  id: 'block_content:d1db7159-4b77-485f-b0f2-6c118c7ffcb0'
  label: 'Footer 2nd Block'
  provider: block_content
  label_display: '0'
  status: true
  info: ''
  view_mode: full
visibility: {  }
